{
  "name": "ai-review-reviewer-clis",
  "version": "1.0.0",
  "lockfileVersion": 3,
  "requires": true,
  "packages": {
    "": {
      "name": "ai-review-reviewer-clis",
      "version": "1.0.0",
      "dependencies": {
        "@anthropic-ai/claude-code": "2.1.289",
        "@openai/codex": "0.160.0",
        "opencode-ai": "1.18.34"
      }
    },
    "node_modules/@anthropic-ai/claude-code": {
      "version": "2.1.289",
      "resolved": "https://registry.npmjs.org/@anthropic-ai/claude-code/-/claude-code-2.1.289.tgz",
      "integrity": "sha512-RQWjAlalf9aomgI3JaXDCdFPvmNVnRdjwMtYk5L+Lw1NWxCxbhY5T9F+w1xukqvJh/I2rR2+3hICZxhk0al1nA==",
      "hasInstallScript": true,
      "license": "SEE LICENSE IN README.md",
      "bin": {
        "claude": "bin/claude.exe"
      },
      "engines": {
        "node": ">=22.0.0"
      },
      "optionalDependencies": {
        "@anthropic-ai/claude-code-darwin-arm64": "2.1.289",
        "@anthropic-ai/claude-code-darwin-x64": "2.1.289",
        "@anthropic-ai/claude-code-linux-arm64": "2.1.289",
        "@anthropic-ai/claude-code-linux-arm64-musl": "2.1.289",
        "@anthropic-ai/claude-code-linux-x64": "2.1.289",
        "@anthropic-ai/claude-code-linux-x64-musl": "2.1.289",
        "@anthropic-ai/claude-code-win32-arm64": "2.1.289",
        "@anthropic-ai/claude-code-win32-x64": "2.1.289"
      }
    },
    "node_modules/@anthropic-ai/claude-code-darwin-arm64": {
      "version": "2.1.289",
      "resolved": "https://registry.npmjs.org/@anthropic-ai/claude-code-darwin-arm64/-/claude-code-darwin-arm64-2.1.289.tgz",
      "integrity": "sha512-jhZQ4BdBt2E9oiHdgpwu/HIgRDlyUazDfXIbIerUFDAPcb6c7Tl1QtMvLz3KxXkZXigYv0q4U6xSHHd78TQdHA==",
      "cpu": [
        "arm64"
      ],
      "license": "SEE LICENSE IN LICENSE.md",
      "optional": true,
      "os": [
        "darwin"
      ]
    },
    "node_modules/@anthropic-ai/claude-code-darwin-x64": {
      "version": "2.1.289",
      "resolved": "https://registry.npmjs.org/@anthropic-ai/claude-code-darwin-x64/-/claude-code-darwin-x64-2.1.289.tgz",
      "integrity": "sha512-KErKulmExUbnAqXDz75FGfph+fslAHL0UqIW9rYlGwNFlPJAP5UTXIKcKp6Jh1bgVQjdJJEqg79kUjuriVUDDw==",
      "cpu": [
        "x64"
      ],
      "license": "SEE LICENSE IN LICENSE.md",
      "optional": true,
      "os": [
        "darwin"
      ]
    },
    "node_modules/@anthropic-ai/claude-code-linux-arm64": {
      "version": "2.1.289",
      "resolved": "https://registry.npmjs.org/@anthropic-ai/claude-code-linux-arm64/-/claude-code-linux-arm64-2.1.289.tgz",
      "integrity": "sha512-kzZKgmlPjtxeCl3jR4eO+BVwy4hJq/pApB2vWFgrjAGR1jOphhS6GJaU1XjZYGbJITSoeaWxHnD1xQ2EWVZLHw==",
      "cpu": [
        "arm64"
      ],
      "libc": [
        "glibc"
      ],
      "license": "SEE LICENSE IN LICENSE.md",
      "optional": true,
      "os": [
        "linux"
      ]
    },
    "node_modules/@anthropic-ai/claude-code-linux-arm64-musl": {
      "version": "2.1.289",
      "resolved": "https://registry.npmjs.org/@anthropic-ai/claude-code-linux-arm64-musl/-/claude-code-linux-arm64-musl-2.1.289.tgz",
      "integrity": "sha512-PGtu78PDsTKoPrbpbsM6JiG0ksdiQBFGNaMAS8h/FUUwdhxsL6D35UHDH0sj4izmcYFMV/akwHI2emiZiBJk/w==",
      "cpu": [
        "arm64"
      ],
      "libc": [
        "musl"
      ],
      "license": "SEE LICENSE IN LICENSE.md",
      "optional": true,
      "os": [
        "linux"
      ]
    },
    "node_modules/@anthropic-ai/claude-code-linux-x64": {
      "version": "2.1.289",
      "resolved": "https://registry.npmjs.org/@anthropic-ai/claude-code-linux-x64/-/claude-code-linux-x64-2.1.289.tgz",
      "integrity": "sha512-I23SaSYE8vSwFbJ+Tc0mRlzvJmRQNaiyBUXK/K5R6BVr2lOoCdMI2SJR4N6xiVYy6yyIt39JNiyvPHoiOymyyw==",
      "cpu": [
        "x64"
      ],
      "libc": [
        "glibc"
      ],
      "license": "SEE LICENSE IN LICENSE.md",
      "optional": true,
      "os": [
        "linux"
      ]
    },
    "node_modules/@anthropic-ai/claude-code-linux-x64-musl": {
      "version": "2.1.289",
      "resolved": "https://registry.npmjs.org/@anthropic-ai/claude-code-linux-x64-musl/-/claude-code-linux-x64-musl-2.1.289.tgz",
      "integrity": "sha512-6Bs+1r/MePebevlvWAFia4VTUhT+SeM5kFjhzqYtjp/NOKnZep3xZG53oYkT659D7Lmh9P+hnThTDLaUjUXOIw==",
      "cpu": [
        "x64"
      ],
      "libc": [
        "musl"
      ],
      "license": "SEE LICENSE IN LICENSE.md",
      "optional": true,
      "os": [
        "linux"
      ]
    },
    "node_modules/@anthropic-ai/claude-code-win32-arm64": {
      "version": "2.1.289",
      "resolved": "https://registry.npmjs.org/@anthropic-ai/claude-code-win32-arm64/-/claude-code-win32-arm64-2.1.289.tgz",
      "integrity": "sha512-dMKH0j/Zm2q5L71rVXx4NaWWlK5iUOCmN12XgwrIx7EjYhvpgVDLdNHm9yohxb3I0Cb4iaujR/EBb75FuLbIGQ==",
      "cpu": [
        "arm64"
      ],
      "license": "SEE LICENSE IN LICENSE.md",
      "optional": true,
      "os": [
        "win32"
      ]
    },
    "node_modules/@anthropic-ai/claude-code-win32-x64": {
      "version": "2.1.289",
      "resolved": "https://registry.npmjs.org/@anthropic-ai/claude-code-win32-x64/-/claude-code-win32-x64-2.1.289.tgz",
      "integrity": "sha512-t6PwcRoMIeuNPbnkf9bFxdUv3xBgUSnk1yRU3r8b5CjovwzV1zUY/talE4rgGAvcTwmndirtWOny/3LPf6Ju+w==",
      "cpu": [
        "x64"
      ],
      "license": "SEE LICENSE IN LICENSE.md",
      "optional": true,
      "os": [
        "win32"
      ]
    },
    "node_modules/@openai/codex": {
      "version": "0.160.0",
      "resolved": "https://registry.npmjs.org/@openai/codex/-/codex-0.160.0.tgz",
      "integrity": "sha512-kEtVGzjRAYAMOwJxN39bGcna7LT3IDQgq64NNJ/dDTfu4OzZaocJcyNb5/gGJ/IVF/Vj7oK7E2m3nmTan7lpjg==",
      "license": "Apache-2.0",
      "bin": {
        "codex": "bin/codex.js"
      },
      "engines": {
        "node": ">=16"
      },
      "optionalDependencies": {
        "@openai/codex-darwin-arm64": "npm:@openai/codex@0.160.0-darwin-arm64",
        "@openai/codex-darwin-x64": "npm:@openai/codex@0.160.0-darwin-x64",
        "@openai/codex-linux-arm64": "npm:@openai/codex@0.160.0-linux-arm64",
        "@openai/codex-linux-x64": "npm:@openai/codex@0.160.0-linux-x64",
        "@openai/codex-win32-arm64": "npm:@openai/codex@0.160.0-win32-arm64",
        "@openai/codex-win32-x64": "npm:@openai/codex@0.160.0-win32-x64"
      }
    },
    "node_modules/@openai/codex-darwin-arm64": {
      "name": "@openai/codex",
      "version": "0.160.0-darwin-arm64",
      "resolved": "https://registry.npmjs.org/@openai/codex/-/codex-0.160.0-darwin-arm64.tgz",
      "integrity": "sha512-aefV6cqZA2REZgR//4McyXlp7zLcTti4CI2v3j9IVgNndPBv2kCeNEcz07qeelXcwOdSFPUKb6roA48vZmDgrQ==",
      "cpu": [
        "arm64"
      ],
      "license": "Apache-2.0",
      "optional": true,
      "os": [
        "darwin"
      ],
      "engines": {
        "node": ">=16"
      }
    },
    "node_modules/@openai/codex-darwin-x64": {
      "name": "@openai/codex",
      "version": "0.160.0-darwin-x64",
      "resolved": "https://registry.npmjs.org/@openai/codex/-/codex-0.160.0-darwin-x64.tgz",
      "integrity": "sha512-ir7cdsPrb9VkqNqpTECoTiomv04xws/FQ968mHQzuL+2J5Da0Dkh2Qlxp7sguDDZJab4YpYmNjQvBVMXbTeQaQ==",
      "cpu": [
        "x64"
      ],
      "license": "Apache-2.0",
      "optional": true,
      "os": [
        "darwin"
      ],
      "engines": {
        "node": ">=16"
      }
    },
    "node_modules/@openai/codex-linux-arm64": {
      "name": "@openai/codex",
      "version": "0.160.0-linux-arm64",
      "resolved": "https://registry.npmjs.org/@openai/codex/-/codex-0.160.0-linux-arm64.tgz",
      "integrity": "sha512-VnVdsS06YlDsL8OwaJjQ3xdqdJNG4i+eBJBV3LytddknzSaF/urijLzVg3ptkwvoj8C7Gn7iWpVE+y8WEaPiCg==",
      "cpu": [
        "arm64"
      ],
      "license": "Apache-2.0",
      "optional": true,
      "os": [
        "linux"
      ],
      "engines": {
        "node": ">=16"
      }
    },
    "node_modules/@openai/codex-linux-x64": {
      "name": "@openai/codex",
      "version": "0.160.0-linux-x64",
      "resolved": "https://registry.npmjs.org/@openai/codex/-/codex-0.160.0-linux-x64.tgz",
      "integrity": "sha512-KI/73OqGrHmR18s7ya7E1NqV6rT0y3lxr0s8S1qR2m6zU6QRF/HlR529jALLh5vjdUnsRT4Ahoxt0axb4kY99g==",
      "cpu": [
        "x64"
      ],
      "license": "Apache-2.0",
      "optional": true,
      "os": [
        "linux"
      ],
      "engines": {
        "node": ">=16"
      }
    },
    "node_modules/@openai/codex-win32-arm64": {
      "name": "@openai/codex",
      "version": "0.160.0-win32-arm64",
      "resolved": "https://registry.npmjs.org/@openai/codex/-/codex-0.160.0-win32-arm64.tgz",
      "integrity": "sha512-tTvK9ZIGuj9WnYaYOAnfjJVSfPV7dKqWtDHqUPLf0Hadp6SgynTxx7S7iMXRieFeXVOI2XH76KxEHSOTOnz3zw==",
      "cpu": [
        "arm64"
      ],
      "license": "Apache-2.0",
      "optional": true,
      "os": [
        "win32"
      ],
      "engines": {
        "node": ">=16"
      }
    },
    "node_modules/@openai/codex-win32-x64": {
      "name": "@openai/codex",
      "version": "0.160.0-win32-x64",
      "resolved": "https://registry.npmjs.org/@openai/codex/-/codex-0.160.0-win32-x64.tgz",
      "integrity": "sha512-/gCFcuOmGlQkgGivWCtY8BNEDixh70Pue0HZOk9S8bj2vUIE1GLD9zcNB/KqqDJmn0S+lIttauLpzQnw6HOCHA==",
      "cpu": [
        "x64"
      ],
      "license": "Apache-2.0",
      "optional": true,
      "os": [
        "win32"
      ],
      "engines": {
        "node": ">=16"
      }
    },
    "node_modules/opencode-ai": {
      "version": "1.18.34",
      "resolved": "https://registry.npmjs.org/opencode-ai/-/opencode-ai-1.18.34.tgz",
      "integrity": "sha512-9WUS2T0t4HHDVzXvuwTHF0nvhXvZ9mQ0r+ozCvKdJu0LVoQpOzqAW4qWTC3ygNc5Oedcc7j+Oct24JYlQYnySA==",
      "cpu": [
        "arm64",
        "x64"
      ],
      "hasInstallScript": true,
      "license": "MIT",
      "os": [
        "darwin",
        "linux",
        "win32"
      ],
      "bin": {
        "opencode": "bin/opencode.exe"
      },
      "optionalDependencies": {
        "opencode-darwin-arm64": "1.18.34",
        "opencode-darwin-x64": "1.18.34",
        "opencode-darwin-x64-baseline": "1.18.34",
        "opencode-linux-arm64": "1.18.34",
        "opencode-linux-arm64-musl": "1.18.34",
        "opencode-linux-x64": "1.18.34",
        "opencode-linux-x64-baseline": "1.18.34",
        "opencode-linux-x64-baseline-musl": "1.18.34",
        "opencode-linux-x64-musl": "1.18.34",
        "opencode-windows-arm64": "1.18.34",
        "opencode-windows-x64": "1.18.34",
        "opencode-windows-x64-baseline": "1.18.34"
      }
    },
    "node_modules/opencode-darwin-arm64": {
      "version": "1.18.34",
      "resolved": "https://registry.npmjs.org/opencode-darwin-arm64/-/opencode-darwin-arm64-1.18.34.tgz",
      "integrity": "sha512-ioBEvc3nUA64waDIVsphh92LgJgyTbq+uRd0OurdqqT9WEI9rp4J7NrA24NfL6epCa1Xr06TnRx5+th9W3T/sA==",
      "cpu": [
        "arm64"
      ],
      "optional": true,
      "os": [
        "darwin"
      ]
    },
    "node_modules/opencode-darwin-x64": {
      "version": "1.18.34",
      "resolved": "https://registry.npmjs.org/opencode-darwin-x64/-/opencode-darwin-x64-1.18.34.tgz",
      "integrity": "sha512-o8KXQ4jP5zfEHJAYpCz5Ifs0aa5dX+26wyLbxHEvfyGJu8hrBoNiJed3PE0uiPIlHCrj5yzF0b6k5aWonaPcTw==",
      "cpu": [
        "x64"
      ],
      "optional": true,
      "os": [
        "darwin"
      ]
    },
    "node_modules/opencode-darwin-x64-baseline": {
      "version": "1.18.34",
      "resolved": "https://registry.npmjs.org/opencode-darwin-x64-baseline/-/opencode-darwin-x64-baseline-1.18.34.tgz",
      "integrity": "sha512-WF9kdwGRDkss6jBR6lR3bG66U804onEaROY0zRtpWx2uyhaxKtLnOV74BYuS71meqkbsxLNA1SZKfi8qvS8HJA==",
      "cpu": [
        "x64"
      ],
      "optional": true,
      "os": [
        "darwin"
      ]
    },
    "node_modules/opencode-linux-arm64": {
      "version": "1.18.34",
      "resolved": "https://registry.npmjs.org/opencode-linux-arm64/-/opencode-linux-arm64-1.18.34.tgz",
      "integrity": "sha512-ZSjqcH0MEbAzLEmkRC9Aop1PbWZxe2NuKONAE/x8MRQdjKdOepX7M50UpjbsNoiLMkP584Z98Mg4a42fJhouvA==",
      "cpu": [
        "arm64"
      ],
      "optional": true,
      "os": [
        "linux"
      ]
    },
    "node_modules/opencode-linux-arm64-musl": {
      "version": "1.18.34",
      "resolved": "https://registry.npmjs.org/opencode-linux-arm64-musl/-/opencode-linux-arm64-musl-1.18.34.tgz",
      "integrity": "sha512-3iCUYcJ0a6z4QjqgpCCA0G0cJHCNiJSg6zxUz9nQZvQ8tAJH0fgrI8Qu5E3RuRvFwk75oOQL8iHBW5cD3Pwrrw==",
      "cpu": [
        "arm64"
      ],
      "libc": [
        "musl"
      ],
      "optional": true,
      "os": [
        "linux"
      ]
    },
    "node_modules/opencode-linux-x64": {
      "version": "1.18.34",
      "resolved": "https://registry.npmjs.org/opencode-linux-x64/-/opencode-linux-x64-1.18.34.tgz",
      "integrity": "sha512-RTAMjCve4euxP2QKLuvRmdoW5J5DQK1DiZqt+7slfixyjAEi79QC2Df2oYKogibaAI4IEU8uzenoJeEl3k+UEw==",
      "cpu": [
        "x64"
      ],
      "optional": true,
      "os": [
        "linux"
      ]
    },
    "node_modules/opencode-linux-x64-baseline": {
      "version": "1.18.34",
      "resolved": "https://registry.npmjs.org/opencode-linux-x64-baseline/-/opencode-linux-x64-baseline-1.18.34.tgz",
      "integrity": "sha512-StWC81sqAGzsig602U6xui3t0Y/kJtZRmJd+H1xYTY7zVLIZ4Iucb1Wp0no6A7/sDj6VqtFKdL718usH92sHBA==",
      "cpu": [
        "x64"
      ],
      "optional": true,
      "os": [
        "linux"
      ]
    },
    "node_modules/opencode-linux-x64-baseline-musl": {
      "version": "1.18.34",
      "resolved": "https://registry.npmjs.org/opencode-linux-x64-baseline-musl/-/opencode-linux-x64-baseline-musl-1.18.34.tgz",
      "integrity": "sha512-LXNBBe4MBKwa1msQdVdKdr6J48zW4zC05h++6n9a2vwrm9zUQR5n7ZcS6qvVnEprl/qSBx9JTTZbkRrB4FIezQ==",
      "cpu": [
        "x64"
      ],
      "libc": [
        "musl"
      ],
      "optional": true,
      "os": [
        "linux"
      ]
    },
    "node_modules/opencode-linux-x64-musl": {
      "version": "1.18.34",
      "resolved": "https://registry.npmjs.org/opencode-linux-x64-musl/-/opencode-linux-x64-musl-1.18.34.tgz",
      "integrity": "sha512-PigrBoMSnozys5C5ls8YZTrUPNNN1AhbySib7yJETkqGRUFOkg1Z1eTUnz9dXJRXshWA4n15dOVo+Sqx1FYPIg==",
      "cpu": [
        "x64"
      ],
      "libc": [
        "musl"
      ],
      "optional": true,
      "os": [
        "linux"
      ]
    },
    "node_modules/opencode-windows-arm64": {
      "version": "1.18.34",
      "resolved": "https://registry.npmjs.org/opencode-windows-arm64/-/opencode-windows-arm64-1.18.34.tgz",
      "integrity": "sha512-W1sCmZPywVjHTaK88ASWTLOR2UcF70LBNiJddKoBG8Yxb70avl+GUlpNNa026E6y9T84s3n5xZ07ZL7u6Wo3Ew==",
      "cpu": [
        "arm64"
      ],
      "optional": true,
      "os": [
        "win32"
      ]
    },
    "node_modules/opencode-windows-x64": {
      "version": "1.18.34",
      "resolved": "https://registry.npmjs.org/opencode-windows-x64/-/opencode-windows-x64-1.18.34.tgz",
      "integrity": "sha512-Nbw1JUHcMd+6Zab97tvhiR/wzMBrtFbHMog3w+HssBqt0068BLdpPadLmo72+vPtBu+ZxXIZzqNB9R3qtca7qg==",
      "cpu": [
        "x64"
      ],
      "optional": true,
      "os": [
        "win32"
      ]
    },
    "node_modules/opencode-windows-x64-baseline": {
      "version": "1.18.34",
      "resolved": "https://registry.npmjs.org/opencode-windows-x64-baseline/-/opencode-windows-x64-baseline-1.18.34.tgz",
      "integrity": "sha512-Ng4R5BDWS/xHmHyjBC2hQpakIrvu3vYvO7U2oF820xjih1VJl4zON52VGtT4Zh1o6kbf8f6s7yLPMzzblGSXuw==",
      "cpu": [
        "x64"
      ],
      "optional": true,
      "os": [
        "win32"
      ]
    }
  }
}
