{
  "name": "ai-review-reviewer-clis",
  "version": "1.0.0",
  "lockfileVersion": 3,
  "requires": true,
  "packages": {
    "": {
      "name": "ai-review-reviewer-clis",
      "version": "1.0.0",
      "dependencies": {
        "@anthropic-ai/claude-code": "2.1.207",
        "@openai/codex": "0.144.3",
        "opencode-ai": "1.17.18"
      }
    },
    "node_modules/@anthropic-ai/claude-code": {
      "version": "2.1.207",
      "resolved": "https://registry.npmjs.org/@anthropic-ai/claude-code/-/claude-code-2.1.207.tgz",
      "integrity": "sha512-30D3lGMO0iPmWnz6rCSHKd6d6gWtQ8CV2zKHHspEHZFyjDJsNOr2Xg6Kb/XEPsaFFu4BGIJz/7L6FQkcFq5cNA==",
      "hasInstallScript": true,
      "license": "SEE LICENSE IN README.md",
      "bin": {
        "claude": "bin/claude.exe"
      },
      "engines": {
        "node": ">=22.0.0"
      },
      "optionalDependencies": {
        "@anthropic-ai/claude-code-darwin-arm64": "2.1.207",
        "@anthropic-ai/claude-code-darwin-x64": "2.1.207",
        "@anthropic-ai/claude-code-linux-arm64": "2.1.207",
        "@anthropic-ai/claude-code-linux-arm64-musl": "2.1.207",
        "@anthropic-ai/claude-code-linux-x64": "2.1.207",
        "@anthropic-ai/claude-code-linux-x64-musl": "2.1.207",
        "@anthropic-ai/claude-code-win32-arm64": "2.1.207",
        "@anthropic-ai/claude-code-win32-x64": "2.1.207"
      }
    },
    "node_modules/@anthropic-ai/claude-code-darwin-arm64": {
      "version": "2.1.207",
      "resolved": "https://registry.npmjs.org/@anthropic-ai/claude-code-darwin-arm64/-/claude-code-darwin-arm64-2.1.207.tgz",
      "integrity": "sha512-Sp2dbq04SQXu6N9X4ujdJfDIX4hVvBcaTyGLwsWChsq9w96iXv/dsIXkh+vQ/BmsPdsHQuaJgYDW5BscErlOrw==",
      "cpu": [
        "arm64"
      ],
      "license": "SEE LICENSE IN LICENSE.md",
      "optional": true,
      "os": [
        "darwin"
      ]
    },
    "node_modules/@anthropic-ai/claude-code-darwin-x64": {
      "version": "2.1.207",
      "resolved": "https://registry.npmjs.org/@anthropic-ai/claude-code-darwin-x64/-/claude-code-darwin-x64-2.1.207.tgz",
      "integrity": "sha512-4oDg3fbRT9cdLcrmCyPVy6+xFwsuiPxgb6s8LUe3lP5EsCpkkfr8t61Xjg8iGdXMpjxyHCpBL7g39ZUqwNzb1w==",
      "cpu": [
        "x64"
      ],
      "license": "SEE LICENSE IN LICENSE.md",
      "optional": true,
      "os": [
        "darwin"
      ]
    },
    "node_modules/@anthropic-ai/claude-code-linux-arm64": {
      "version": "2.1.207",
      "resolved": "https://registry.npmjs.org/@anthropic-ai/claude-code-linux-arm64/-/claude-code-linux-arm64-2.1.207.tgz",
      "integrity": "sha512-Jmcvn8Sg8+FaPLOy9t4h7ip+K1i5YYrimT1+iZL1YHBTA44WHJ9H/F8DW3QKnVyqUGqEza9Tg5PPVjzhi5fwyg==",
      "cpu": [
        "arm64"
      ],
      "license": "SEE LICENSE IN LICENSE.md",
      "optional": true,
      "os": [
        "linux"
      ]
    },
    "node_modules/@anthropic-ai/claude-code-linux-arm64-musl": {
      "version": "2.1.207",
      "resolved": "https://registry.npmjs.org/@anthropic-ai/claude-code-linux-arm64-musl/-/claude-code-linux-arm64-musl-2.1.207.tgz",
      "integrity": "sha512-H6KHgBc515+2zj33ijRKwbXIVfH1UFLPU322e1O6A1DDpKIfkAsoY/yWobs+EWYEob/piv1Q9sYt69cwCfGzjg==",
      "cpu": [
        "arm64"
      ],
      "license": "SEE LICENSE IN LICENSE.md",
      "optional": true,
      "os": [
        "linux"
      ]
    },
    "node_modules/@anthropic-ai/claude-code-linux-x64": {
      "version": "2.1.207",
      "resolved": "https://registry.npmjs.org/@anthropic-ai/claude-code-linux-x64/-/claude-code-linux-x64-2.1.207.tgz",
      "integrity": "sha512-WC4u+bRuR3EXY7fFFkuVnb9jB5IX5JLduzRwe6ZcIu08tT/PDUWT8bnnS07qwc2jzkUSqcL3kQbeHX5avnFASw==",
      "cpu": [
        "x64"
      ],
      "license": "SEE LICENSE IN LICENSE.md",
      "optional": true,
      "os": [
        "linux"
      ]
    },
    "node_modules/@anthropic-ai/claude-code-linux-x64-musl": {
      "version": "2.1.207",
      "resolved": "https://registry.npmjs.org/@anthropic-ai/claude-code-linux-x64-musl/-/claude-code-linux-x64-musl-2.1.207.tgz",
      "integrity": "sha512-C4IYbZhPCAh2epxYDVUeoyVC4S8ZTDaoUlClXH98G085ID/zilwI4cekZyYRZ1k0rbpkskaEkz7XnK0IyvAzHg==",
      "cpu": [
        "x64"
      ],
      "license": "SEE LICENSE IN LICENSE.md",
      "optional": true,
      "os": [
        "linux"
      ]
    },
    "node_modules/@anthropic-ai/claude-code-win32-arm64": {
      "version": "2.1.207",
      "resolved": "https://registry.npmjs.org/@anthropic-ai/claude-code-win32-arm64/-/claude-code-win32-arm64-2.1.207.tgz",
      "integrity": "sha512-u4crbHf5Pu6E4dsJuDZzsJLlBhF9UcjkueTt5j0EfmDjkTsplY9nDCoq1vB+eA3O/bNV+yGP+1aIvBSe2i+brw==",
      "cpu": [
        "arm64"
      ],
      "license": "SEE LICENSE IN LICENSE.md",
      "optional": true,
      "os": [
        "win32"
      ]
    },
    "node_modules/@anthropic-ai/claude-code-win32-x64": {
      "version": "2.1.207",
      "resolved": "https://registry.npmjs.org/@anthropic-ai/claude-code-win32-x64/-/claude-code-win32-x64-2.1.207.tgz",
      "integrity": "sha512-8s0p6jrwVSX8bB9VZA/ud7BZDtPwCGvFpGaOtJYVmYPPHSl41N91KCfOF29zRBu3pKQ63C2Kq1COqE2F4BVJSA==",
      "cpu": [
        "x64"
      ],
      "license": "SEE LICENSE IN LICENSE.md",
      "optional": true,
      "os": [
        "win32"
      ]
    },
    "node_modules/@openai/codex": {
      "version": "0.144.3",
      "resolved": "https://registry.npmjs.org/@openai/codex/-/codex-0.144.3.tgz",
      "integrity": "sha512-8Re3wp5CdYiM7nsF4StFa5js6IT11N7srhxfvwtol7ENHDht05C+HS4e1CTmYjqkhgsUzl2R1gB27iN2pdbVnA==",
      "license": "Apache-2.0",
      "bin": {
        "codex": "bin/codex.js"
      },
      "engines": {
        "node": ">=16"
      },
      "optionalDependencies": {
        "@openai/codex-darwin-arm64": "npm:@openai/codex@0.144.3-darwin-arm64",
        "@openai/codex-darwin-x64": "npm:@openai/codex@0.144.3-darwin-x64",
        "@openai/codex-linux-arm64": "npm:@openai/codex@0.144.3-linux-arm64",
        "@openai/codex-linux-x64": "npm:@openai/codex@0.144.3-linux-x64",
        "@openai/codex-win32-arm64": "npm:@openai/codex@0.144.3-win32-arm64",
        "@openai/codex-win32-x64": "npm:@openai/codex@0.144.3-win32-x64"
      }
    },
    "node_modules/@openai/codex-darwin-arm64": {
      "name": "@openai/codex",
      "version": "0.144.3-darwin-arm64",
      "resolved": "https://registry.npmjs.org/@openai/codex/-/codex-0.144.3-darwin-arm64.tgz",
      "integrity": "sha512-v/yT1wqslBcwquUvUPZvAdYyiZcCBIUL+pE4ymHpbUMVduwDJBw1EjLroOhe9FkYFDHzWGyv7YEw7iIV4k+0dA==",
      "cpu": [
        "arm64"
      ],
      "license": "Apache-2.0",
      "optional": true,
      "os": [
        "darwin"
      ],
      "engines": {
        "node": ">=16"
      }
    },
    "node_modules/@openai/codex-darwin-x64": {
      "name": "@openai/codex",
      "version": "0.144.3-darwin-x64",
      "resolved": "https://registry.npmjs.org/@openai/codex/-/codex-0.144.3-darwin-x64.tgz",
      "integrity": "sha512-308U0s7AeRg3AlnxJtmJk03yRRriEplC6ceFoB3OpWh+przqt8/u6MKDVU3KHdjb+vasa0IpmDWv5VrFw3oJAw==",
      "cpu": [
        "x64"
      ],
      "license": "Apache-2.0",
      "optional": true,
      "os": [
        "darwin"
      ],
      "engines": {
        "node": ">=16"
      }
    },
    "node_modules/@openai/codex-linux-arm64": {
      "name": "@openai/codex",
      "version": "0.144.3-linux-arm64",
      "resolved": "https://registry.npmjs.org/@openai/codex/-/codex-0.144.3-linux-arm64.tgz",
      "integrity": "sha512-mJgDUmoPMry9a7g6ywsMQ4uQko2K0uHLqzEITUJMXiNNbCRBQKS+PxDWBlSK0bF0v72uAhWRRRGvPXslwhIdyg==",
      "cpu": [
        "arm64"
      ],
      "license": "Apache-2.0",
      "optional": true,
      "os": [
        "linux"
      ],
      "engines": {
        "node": ">=16"
      }
    },
    "node_modules/@openai/codex-linux-x64": {
      "name": "@openai/codex",
      "version": "0.144.3-linux-x64",
      "resolved": "https://registry.npmjs.org/@openai/codex/-/codex-0.144.3-linux-x64.tgz",
      "integrity": "sha512-xtDY5sWQPbYBj2lLWZJvc0jBre0XQ7ZmN4VbSEvazbQ2X7uHhm1D/0oZ7AI+SgC/VfZrUhvxRHd43/AmXSaAzA==",
      "cpu": [
        "x64"
      ],
      "license": "Apache-2.0",
      "optional": true,
      "os": [
        "linux"
      ],
      "engines": {
        "node": ">=16"
      }
    },
    "node_modules/@openai/codex-win32-arm64": {
      "name": "@openai/codex",
      "version": "0.144.3-win32-arm64",
      "resolved": "https://registry.npmjs.org/@openai/codex/-/codex-0.144.3-win32-arm64.tgz",
      "integrity": "sha512-uvgBLuBX58GIq58CquhvhEmwLlH9Lc46rLmE5/CkEf1vQiCvWqVHxL28t7P9cmWGoeMuxsrIwqJgyzmRu6wZMQ==",
      "cpu": [
        "arm64"
      ],
      "license": "Apache-2.0",
      "optional": true,
      "os": [
        "win32"
      ],
      "engines": {
        "node": ">=16"
      }
    },
    "node_modules/@openai/codex-win32-x64": {
      "name": "@openai/codex",
      "version": "0.144.3-win32-x64",
      "resolved": "https://registry.npmjs.org/@openai/codex/-/codex-0.144.3-win32-x64.tgz",
      "integrity": "sha512-0o8LpbZuBvqcAdIqMh96pECFTtfkgMT2sP/Q2IKYUOOlSudq3ulvdDW6zARq04HhbOxSsU9TBYDkdqtDs2YcYQ==",
      "cpu": [
        "x64"
      ],
      "license": "Apache-2.0",
      "optional": true,
      "os": [
        "win32"
      ],
      "engines": {
        "node": ">=16"
      }
    },
    "node_modules/opencode-ai": {
      "version": "1.17.18",
      "resolved": "https://registry.npmjs.org/opencode-ai/-/opencode-ai-1.17.18.tgz",
      "integrity": "sha512-gpCE5X3dwvYam2ba9r3mw+FTPBTDlmKkguiOoYF1nv9MVA3sDIXje3tPQ+EMNxYkWD43FN3+eVC1GW6tRO9Aiw==",
      "cpu": [
        "arm64",
        "x64"
      ],
      "hasInstallScript": true,
      "license": "MIT",
      "os": [
        "darwin",
        "linux",
        "win32"
      ],
      "bin": {
        "opencode": "bin/opencode.exe"
      },
      "optionalDependencies": {
        "opencode-darwin-arm64": "1.17.18",
        "opencode-darwin-x64": "1.17.18",
        "opencode-darwin-x64-baseline": "1.17.18",
        "opencode-linux-arm64": "1.17.18",
        "opencode-linux-arm64-musl": "1.17.18",
        "opencode-linux-x64": "1.17.18",
        "opencode-linux-x64-baseline": "1.17.18",
        "opencode-linux-x64-baseline-musl": "1.17.18",
        "opencode-linux-x64-musl": "1.17.18",
        "opencode-windows-arm64": "1.17.18",
        "opencode-windows-x64": "1.17.18",
        "opencode-windows-x64-baseline": "1.17.18"
      }
    },
    "node_modules/opencode-darwin-arm64": {
      "version": "1.17.18",
      "resolved": "https://registry.npmjs.org/opencode-darwin-arm64/-/opencode-darwin-arm64-1.17.18.tgz",
      "integrity": "sha512-wcnsPXxNnIggdva8rQ2KAWi17GdyDL4joAT+M/+UqkRFXhTBgfScWiWyCAGpZitDlpxd0K5W79NPjal54A8aiw==",
      "cpu": [
        "arm64"
      ],
      "optional": true,
      "os": [
        "darwin"
      ]
    },
    "node_modules/opencode-darwin-x64": {
      "version": "1.17.18",
      "resolved": "https://registry.npmjs.org/opencode-darwin-x64/-/opencode-darwin-x64-1.17.18.tgz",
      "integrity": "sha512-WwTwf6pCMkJ4ed3l6mLn2+eVz+Yli+5ijine0Hx7r+LVUYv9Odo46lHO4ZLd2m/dbnnDcX5xHNklasBNfCkBEQ==",
      "cpu": [
        "x64"
      ],
      "optional": true,
      "os": [
        "darwin"
      ]
    },
    "node_modules/opencode-darwin-x64-baseline": {
      "version": "1.17.18",
      "resolved": "https://registry.npmjs.org/opencode-darwin-x64-baseline/-/opencode-darwin-x64-baseline-1.17.18.tgz",
      "integrity": "sha512-kkUWjHQBtYtbtoAxV7N8srXpAdWu7ajynnrUQ/raHhJc2HnsR3Ud6/Ms60YSpNWOuCZ/WgtISpXkg12E7opvcA==",
      "cpu": [
        "x64"
      ],
      "optional": true,
      "os": [
        "darwin"
      ]
    },
    "node_modules/opencode-linux-arm64": {
      "version": "1.17.18",
      "resolved": "https://registry.npmjs.org/opencode-linux-arm64/-/opencode-linux-arm64-1.17.18.tgz",
      "integrity": "sha512-VrTs+uQndp+B442Bfxf1a7BX9599gARjQCJ+MVCkcxl4Dr4gbBw7EfjKgGvhCqKUN5Hv2I7hUG/EZ1Ix3T6xrw==",
      "cpu": [
        "arm64"
      ],
      "optional": true,
      "os": [
        "linux"
      ]
    },
    "node_modules/opencode-linux-arm64-musl": {
      "version": "1.17.18",
      "resolved": "https://registry.npmjs.org/opencode-linux-arm64-musl/-/opencode-linux-arm64-musl-1.17.18.tgz",
      "integrity": "sha512-KW+77OknysG0gkD8tRzIcFKuv2mJR3jDtEQcCOhXmkAEWv7rEIqaDehWDa35F7AKjNJnJ4f6P7dDLMDJeQztHg==",
      "cpu": [
        "arm64"
      ],
      "optional": true,
      "os": [
        "linux"
      ]
    },
    "node_modules/opencode-linux-x64": {
      "version": "1.17.18",
      "resolved": "https://registry.npmjs.org/opencode-linux-x64/-/opencode-linux-x64-1.17.18.tgz",
      "integrity": "sha512-8BmT22yp7pCXXu/HvAMaJsNNd6xhmlUrGs5YZSfU0neZfkSZg+Dkf9IGsuOugOtL0x2erDg2/6rRBpcJAGmTrA==",
      "cpu": [
        "x64"
      ],
      "optional": true,
      "os": [
        "linux"
      ]
    },
    "node_modules/opencode-linux-x64-baseline": {
      "version": "1.17.18",
      "resolved": "https://registry.npmjs.org/opencode-linux-x64-baseline/-/opencode-linux-x64-baseline-1.17.18.tgz",
      "integrity": "sha512-ZHgobRKdHocQJSAzrz/ekKBjN1cScB+u07Zgr5Hzks2zm+ZyuN5zvx/NOKM7ImPEy3TQ0+swXvtoYKCOE4Tpbw==",
      "cpu": [
        "x64"
      ],
      "optional": true,
      "os": [
        "linux"
      ]
    },
    "node_modules/opencode-linux-x64-baseline-musl": {
      "version": "1.17.18",
      "resolved": "https://registry.npmjs.org/opencode-linux-x64-baseline-musl/-/opencode-linux-x64-baseline-musl-1.17.18.tgz",
      "integrity": "sha512-e4/FLdohz2euPXsziktv7mKrYLO01R4n7bwMvhAcPDaYc9zCagHUoALZVYm0BXtVB6YikaIfnHsbAIAgNlC37w==",
      "cpu": [
        "x64"
      ],
      "optional": true,
      "os": [
        "linux"
      ]
    },
    "node_modules/opencode-linux-x64-musl": {
      "version": "1.17.18",
      "resolved": "https://registry.npmjs.org/opencode-linux-x64-musl/-/opencode-linux-x64-musl-1.17.18.tgz",
      "integrity": "sha512-3pWmNMZ08vsOVnQcOydqnE66NTZjqMZllcX6M9w+nCbQ2Edi6xWL1NMiW9MFvjyJMuOxTqzif6RvpIcK3CZHxw==",
      "cpu": [
        "x64"
      ],
      "optional": true,
      "os": [
        "linux"
      ]
    },
    "node_modules/opencode-windows-arm64": {
      "version": "1.17.18",
      "resolved": "https://registry.npmjs.org/opencode-windows-arm64/-/opencode-windows-arm64-1.17.18.tgz",
      "integrity": "sha512-5vtCGvt3k1RbhiB31Sg4Q0H1Qy+npFMD1y4N3fhx8X+Dyrzfly7SPQNQPtSt8nDluRhcCB0oFl9suDew2q2YOg==",
      "cpu": [
        "arm64"
      ],
      "optional": true,
      "os": [
        "win32"
      ]
    },
    "node_modules/opencode-windows-x64": {
      "version": "1.17.18",
      "resolved": "https://registry.npmjs.org/opencode-windows-x64/-/opencode-windows-x64-1.17.18.tgz",
      "integrity": "sha512-6i17BI5tmQvopBm6lwerPu2I7p2BYneX7XDlHYeVCy9+INL0T8sD8Ww+Lobqs76E8kepwP1NVqEFzs5DkLYVJw==",
      "cpu": [
        "x64"
      ],
      "optional": true,
      "os": [
        "win32"
      ]
    },
    "node_modules/opencode-windows-x64-baseline": {
      "version": "1.17.18",
      "resolved": "https://registry.npmjs.org/opencode-windows-x64-baseline/-/opencode-windows-x64-baseline-1.17.18.tgz",
      "integrity": "sha512-pt9ga2UcoTUo6+/rFvZZ+KOxHXkVMHPqBi3tVjI/B96icAGtpXNPDznK+HuahBFKKMr9y8pwu17yd94Vn+gMMg==",
      "cpu": [
        "x64"
      ],
      "optional": true,
      "os": [
        "win32"
      ]
    }
  }
}
