{
  "name": "ai-review-reviewer-clis",
  "version": "1.0.0",
  "lockfileVersion": 3,
  "requires": true,
  "packages": {
    "": {
      "name": "ai-review-reviewer-clis",
      "version": "1.0.0",
      "dependencies": {
        "@anthropic-ai/claude-code": "2.1.221",
        "@openai/codex": "0.146.0",
        "opencode-ai": "1.18.12"
      }
    },
    "node_modules/@anthropic-ai/claude-code": {
      "version": "2.1.221",
      "resolved": "https://registry.npmjs.org/@anthropic-ai/claude-code/-/claude-code-2.1.221.tgz",
      "integrity": "sha512-hcrvYceETHpQepXBkwR0zHShxFbkh9C1o3DyFoJOehMxFWDuiCXONF1X3MDxY7M+p2m3DSpn9DvSA67mNhGQcw==",
      "hasInstallScript": true,
      "license": "SEE LICENSE IN README.md",
      "bin": {
        "claude": "bin/claude.exe"
      },
      "engines": {
        "node": ">=22.0.0"
      },
      "optionalDependencies": {
        "@anthropic-ai/claude-code-darwin-arm64": "2.1.221",
        "@anthropic-ai/claude-code-darwin-x64": "2.1.221",
        "@anthropic-ai/claude-code-linux-arm64": "2.1.221",
        "@anthropic-ai/claude-code-linux-arm64-musl": "2.1.221",
        "@anthropic-ai/claude-code-linux-x64": "2.1.221",
        "@anthropic-ai/claude-code-linux-x64-musl": "2.1.221",
        "@anthropic-ai/claude-code-win32-arm64": "2.1.221",
        "@anthropic-ai/claude-code-win32-x64": "2.1.221"
      }
    },
    "node_modules/@anthropic-ai/claude-code-darwin-arm64": {
      "version": "2.1.221",
      "resolved": "https://registry.npmjs.org/@anthropic-ai/claude-code-darwin-arm64/-/claude-code-darwin-arm64-2.1.221.tgz",
      "integrity": "sha512-6JuIP1B+QNpcabBd1dG81cLkYHThVzv0Fn5OLFeDkrGAQ76ecxFJ8QCxob1DKW4TvuludFpYX0/XFIAYBONtJw==",
      "cpu": [
        "arm64"
      ],
      "license": "SEE LICENSE IN LICENSE.md",
      "optional": true,
      "os": [
        "darwin"
      ]
    },
    "node_modules/@anthropic-ai/claude-code-darwin-x64": {
      "version": "2.1.221",
      "resolved": "https://registry.npmjs.org/@anthropic-ai/claude-code-darwin-x64/-/claude-code-darwin-x64-2.1.221.tgz",
      "integrity": "sha512-91Xmdc5TYnhHtJ+yxbsxmlkeMuQqLb6RI6xHZudnjh/y/HsFmsHZvbnCpywgyOANyKmkkG71eYdCSxtVZySIng==",
      "cpu": [
        "x64"
      ],
      "license": "SEE LICENSE IN LICENSE.md",
      "optional": true,
      "os": [
        "darwin"
      ]
    },
    "node_modules/@anthropic-ai/claude-code-linux-arm64": {
      "version": "2.1.221",
      "resolved": "https://registry.npmjs.org/@anthropic-ai/claude-code-linux-arm64/-/claude-code-linux-arm64-2.1.221.tgz",
      "integrity": "sha512-WoYZpnuJvECOIUgiAzHOOYpFnhHc+gwtXpZFFT2v+7kXYnoGp8qdaChHteq+GoAlTQyf+Q3qPxA8YSFOFEuCsA==",
      "cpu": [
        "arm64"
      ],
      "libc": [
        "glibc"
      ],
      "license": "SEE LICENSE IN LICENSE.md",
      "optional": true,
      "os": [
        "linux"
      ]
    },
    "node_modules/@anthropic-ai/claude-code-linux-arm64-musl": {
      "version": "2.1.221",
      "resolved": "https://registry.npmjs.org/@anthropic-ai/claude-code-linux-arm64-musl/-/claude-code-linux-arm64-musl-2.1.221.tgz",
      "integrity": "sha512-Xbhc7X/QK+EsjJsJf4p3U4gp+2kWuU+c1DhQ9Gm0uXpWpdMSDAblXj99vhusK/9fOHobqlBGSf3fw29Wxf0SbA==",
      "cpu": [
        "arm64"
      ],
      "libc": [
        "musl"
      ],
      "license": "SEE LICENSE IN LICENSE.md",
      "optional": true,
      "os": [
        "linux"
      ]
    },
    "node_modules/@anthropic-ai/claude-code-linux-x64": {
      "version": "2.1.221",
      "resolved": "https://registry.npmjs.org/@anthropic-ai/claude-code-linux-x64/-/claude-code-linux-x64-2.1.221.tgz",
      "integrity": "sha512-N6PpT3rojCsv2abuA+p7QgNq8HvnMHORt5lI17K3fD6rakzYVjIBLsOmPSNhfl5QA7+b0WjNPWHzbswgZ/9QUQ==",
      "cpu": [
        "x64"
      ],
      "libc": [
        "glibc"
      ],
      "license": "SEE LICENSE IN LICENSE.md",
      "optional": true,
      "os": [
        "linux"
      ]
    },
    "node_modules/@anthropic-ai/claude-code-linux-x64-musl": {
      "version": "2.1.221",
      "resolved": "https://registry.npmjs.org/@anthropic-ai/claude-code-linux-x64-musl/-/claude-code-linux-x64-musl-2.1.221.tgz",
      "integrity": "sha512-QcJqUFBdWgAGvUU2YF04DAOixuzG4LKBg29lhVoT/EQ0rJmVcz6dOLH6QzD/xrrAQ4HgoOAVFyMeY2NN2d2wbQ==",
      "cpu": [
        "x64"
      ],
      "libc": [
        "musl"
      ],
      "license": "SEE LICENSE IN LICENSE.md",
      "optional": true,
      "os": [
        "linux"
      ]
    },
    "node_modules/@anthropic-ai/claude-code-win32-arm64": {
      "version": "2.1.221",
      "resolved": "https://registry.npmjs.org/@anthropic-ai/claude-code-win32-arm64/-/claude-code-win32-arm64-2.1.221.tgz",
      "integrity": "sha512-yT7DOR9IK9JY4U9B4W1+bkRC+WPPgBFjEc90/KFUCbflQJMP4sKwYdAb2FX3kLb6bG6Ggo8+aCaR/aNyE5jsMw==",
      "cpu": [
        "arm64"
      ],
      "license": "SEE LICENSE IN LICENSE.md",
      "optional": true,
      "os": [
        "win32"
      ]
    },
    "node_modules/@anthropic-ai/claude-code-win32-x64": {
      "version": "2.1.221",
      "resolved": "https://registry.npmjs.org/@anthropic-ai/claude-code-win32-x64/-/claude-code-win32-x64-2.1.221.tgz",
      "integrity": "sha512-7hH9oUJmMQSOv1a9gQaAG5OTwmMQc5f6zBlA23NJHqTZSQdRzJNzDwD7+D+EgU8u9DUsLfKdK5o3GJ2eiEuYwg==",
      "cpu": [
        "x64"
      ],
      "license": "SEE LICENSE IN LICENSE.md",
      "optional": true,
      "os": [
        "win32"
      ]
    },
    "node_modules/@openai/codex": {
      "version": "0.146.0",
      "resolved": "https://registry.npmjs.org/@openai/codex/-/codex-0.146.0.tgz",
      "integrity": "sha512-yG3sPWNda/2YAIQIDq9MrrjoCTIQ7rxYM5IasrG3VBcuhCLTkgeg/JzqmJq1V98RE4MJ5jCxDXXQlOjrditFRw==",
      "license": "Apache-2.0",
      "bin": {
        "codex": "bin/codex.js"
      },
      "engines": {
        "node": ">=16"
      },
      "optionalDependencies": {
        "@openai/codex-darwin-arm64": "npm:@openai/codex@0.146.0-darwin-arm64",
        "@openai/codex-darwin-x64": "npm:@openai/codex@0.146.0-darwin-x64",
        "@openai/codex-linux-arm64": "npm:@openai/codex@0.146.0-linux-arm64",
        "@openai/codex-linux-x64": "npm:@openai/codex@0.146.0-linux-x64",
        "@openai/codex-win32-arm64": "npm:@openai/codex@0.146.0-win32-arm64",
        "@openai/codex-win32-x64": "npm:@openai/codex@0.146.0-win32-x64"
      }
    },
    "node_modules/@openai/codex-darwin-arm64": {
      "name": "@openai/codex",
      "version": "0.146.0-darwin-arm64",
      "resolved": "https://registry.npmjs.org/@openai/codex/-/codex-0.146.0-darwin-arm64.tgz",
      "integrity": "sha512-nb61yX4r5L6Z0dlC4o3u0GAK1YCd4TUvjaB382bajDoh84V+uv2hTBIVZ++fgXWV9yoeuNrNnNcn7GoTGOe2Tg==",
      "cpu": [
        "arm64"
      ],
      "license": "Apache-2.0",
      "optional": true,
      "os": [
        "darwin"
      ],
      "engines": {
        "node": ">=16"
      }
    },
    "node_modules/@openai/codex-darwin-x64": {
      "name": "@openai/codex",
      "version": "0.146.0-darwin-x64",
      "resolved": "https://registry.npmjs.org/@openai/codex/-/codex-0.146.0-darwin-x64.tgz",
      "integrity": "sha512-hTQR5jy/ObfTf1MDnuJCZJAe+SljKE8DDwQWN6lDFgjsPhMQz852U2tILt8Ei+G5GkQSzemHYKl2AYPwW0Y5xw==",
      "cpu": [
        "x64"
      ],
      "license": "Apache-2.0",
      "optional": true,
      "os": [
        "darwin"
      ],
      "engines": {
        "node": ">=16"
      }
    },
    "node_modules/@openai/codex-linux-arm64": {
      "name": "@openai/codex",
      "version": "0.146.0-linux-arm64",
      "resolved": "https://registry.npmjs.org/@openai/codex/-/codex-0.146.0-linux-arm64.tgz",
      "integrity": "sha512-qiYDxkkEFnXG7joadJW6Q+XcgyDXCpGdpa9nk/c+i0gEomur1j7bHvx12NfWWCF/y8Tqri6ay+FLuC2MjdehtA==",
      "cpu": [
        "arm64"
      ],
      "license": "Apache-2.0",
      "optional": true,
      "os": [
        "linux"
      ],
      "engines": {
        "node": ">=16"
      }
    },
    "node_modules/@openai/codex-linux-x64": {
      "name": "@openai/codex",
      "version": "0.146.0-linux-x64",
      "resolved": "https://registry.npmjs.org/@openai/codex/-/codex-0.146.0-linux-x64.tgz",
      "integrity": "sha512-fswvyGprAPCMiOEue/7MKMk7pCjh9kZIJfJX5i9atmfnmGYbYCcUhZsEH9LEP0+0t5xyPqDbfNXY7NSxIVuXxA==",
      "cpu": [
        "x64"
      ],
      "license": "Apache-2.0",
      "optional": true,
      "os": [
        "linux"
      ],
      "engines": {
        "node": ">=16"
      }
    },
    "node_modules/@openai/codex-win32-arm64": {
      "name": "@openai/codex",
      "version": "0.146.0-win32-arm64",
      "resolved": "https://registry.npmjs.org/@openai/codex/-/codex-0.146.0-win32-arm64.tgz",
      "integrity": "sha512-EW6zdjDe+SLX2Iw+xymJ5+Pz2+DGexdstfFHXh4Ub+TfJsQPiMjGfZfNaoWgdJ2FsqSIzVKu2+G0KCMGYz2W8g==",
      "cpu": [
        "arm64"
      ],
      "license": "Apache-2.0",
      "optional": true,
      "os": [
        "win32"
      ],
      "engines": {
        "node": ">=16"
      }
    },
    "node_modules/@openai/codex-win32-x64": {
      "name": "@openai/codex",
      "version": "0.146.0-win32-x64",
      "resolved": "https://registry.npmjs.org/@openai/codex/-/codex-0.146.0-win32-x64.tgz",
      "integrity": "sha512-b3lxMYeR0+IhstNo4JjX1P9cPc1xwVcCVkPd1lD1wpWPJ0SBhpIkPczwbu3ZRkJcdyl342+rgyf4DUrbZLdrGA==",
      "cpu": [
        "x64"
      ],
      "license": "Apache-2.0",
      "optional": true,
      "os": [
        "win32"
      ],
      "engines": {
        "node": ">=16"
      }
    },
    "node_modules/opencode-ai": {
      "version": "1.18.12",
      "resolved": "https://registry.npmjs.org/opencode-ai/-/opencode-ai-1.18.12.tgz",
      "integrity": "sha512-3pDzNXO9aHzHUzdLySLWPoYmL6hoUUqWtn+HurG9KTWPqerRegsU7GgCtUH5cpaUikgTyzpEtbfE8F0/dToSEg==",
      "cpu": [
        "arm64",
        "x64"
      ],
      "hasInstallScript": true,
      "license": "MIT",
      "os": [
        "darwin",
        "linux",
        "win32"
      ],
      "bin": {
        "opencode": "bin/opencode.exe"
      },
      "optionalDependencies": {
        "opencode-darwin-arm64": "1.18.12",
        "opencode-darwin-x64": "1.18.12",
        "opencode-darwin-x64-baseline": "1.18.12",
        "opencode-linux-arm64": "1.18.12",
        "opencode-linux-arm64-musl": "1.18.12",
        "opencode-linux-x64": "1.18.12",
        "opencode-linux-x64-baseline": "1.18.12",
        "opencode-linux-x64-baseline-musl": "1.18.12",
        "opencode-linux-x64-musl": "1.18.12",
        "opencode-windows-arm64": "1.18.12",
        "opencode-windows-x64": "1.18.12",
        "opencode-windows-x64-baseline": "1.18.12"
      }
    },
    "node_modules/opencode-darwin-arm64": {
      "version": "1.18.12",
      "resolved": "https://registry.npmjs.org/opencode-darwin-arm64/-/opencode-darwin-arm64-1.18.12.tgz",
      "integrity": "sha512-8RbpZKMJnXzl/fMjvdBxZI/j84Vqa+qnkfChsxU8tGNAa0fVsK9s64D8/SK86XIpfebx5F/+EciYFlOsdpRUzw==",
      "cpu": [
        "arm64"
      ],
      "optional": true,
      "os": [
        "darwin"
      ]
    },
    "node_modules/opencode-darwin-x64": {
      "version": "1.18.12",
      "resolved": "https://registry.npmjs.org/opencode-darwin-x64/-/opencode-darwin-x64-1.18.12.tgz",
      "integrity": "sha512-Ez72VKHvGq8VBChiSWrBqQ4EXXM9aVkoQoNBWZPDxcNga1dOa5UK/rcVDgMmqxSPdyFGZnaa5RG6Pyl2UsUUOQ==",
      "cpu": [
        "x64"
      ],
      "optional": true,
      "os": [
        "darwin"
      ]
    },
    "node_modules/opencode-darwin-x64-baseline": {
      "version": "1.18.12",
      "resolved": "https://registry.npmjs.org/opencode-darwin-x64-baseline/-/opencode-darwin-x64-baseline-1.18.12.tgz",
      "integrity": "sha512-yYJvIaDDNiU6weMLtLpLVs/QKUIFimAxVJCrLHAtc/5IwwVQjVNRiCnbqzIyvI7h5EK5kADMtiE+YrNZGvpW3g==",
      "cpu": [
        "x64"
      ],
      "optional": true,
      "os": [
        "darwin"
      ]
    },
    "node_modules/opencode-linux-arm64": {
      "version": "1.18.12",
      "resolved": "https://registry.npmjs.org/opencode-linux-arm64/-/opencode-linux-arm64-1.18.12.tgz",
      "integrity": "sha512-BcYNFtyzzsDdEzOkvRYEJBaEY7lgPrgT1+QA0VuHXnNUmw1RYmsD5rOrmQyLVK5vZyCCW0yhrsU6a0K7FNPrFg==",
      "cpu": [
        "arm64"
      ],
      "optional": true,
      "os": [
        "linux"
      ]
    },
    "node_modules/opencode-linux-arm64-musl": {
      "version": "1.18.12",
      "resolved": "https://registry.npmjs.org/opencode-linux-arm64-musl/-/opencode-linux-arm64-musl-1.18.12.tgz",
      "integrity": "sha512-J4PXmUpUq4mtJanjCtd1azFkmbkmFWgdKWHKFHSvx4PJlR06IKlFf5s0ZqW2139ifePz3hNl4OpYYkV4/ifI+w==",
      "cpu": [
        "arm64"
      ],
      "libc": [
        "musl"
      ],
      "optional": true,
      "os": [
        "linux"
      ]
    },
    "node_modules/opencode-linux-x64": {
      "version": "1.18.12",
      "resolved": "https://registry.npmjs.org/opencode-linux-x64/-/opencode-linux-x64-1.18.12.tgz",
      "integrity": "sha512-lxJvHq9yF9SCMhAJyQs0iS5YYctXCtPtXUXK37cC3IV3ubLWvorhQ6kTphpdbpLtMbO5mbr8eQVNfUH/XLnEzQ==",
      "cpu": [
        "x64"
      ],
      "optional": true,
      "os": [
        "linux"
      ]
    },
    "node_modules/opencode-linux-x64-baseline": {
      "version": "1.18.12",
      "resolved": "https://registry.npmjs.org/opencode-linux-x64-baseline/-/opencode-linux-x64-baseline-1.18.12.tgz",
      "integrity": "sha512-C8Dkji5puPsX8jw3h26FkJbjdI+TOSrHkMJmjVTvqOkhkXGalFM6axDenjZwBAA6JfvMIgR46wgjj2Owml/42g==",
      "cpu": [
        "x64"
      ],
      "optional": true,
      "os": [
        "linux"
      ]
    },
    "node_modules/opencode-linux-x64-baseline-musl": {
      "version": "1.18.12",
      "resolved": "https://registry.npmjs.org/opencode-linux-x64-baseline-musl/-/opencode-linux-x64-baseline-musl-1.18.12.tgz",
      "integrity": "sha512-G9t+TIxAn4BbD2Ne0v1gJFEorgnhJZ2KF/rAYGuPCW6NBLDGNGkYOSpVeA4k0SnvFNKYFB/OoXbLAhRNYb2hzA==",
      "cpu": [
        "x64"
      ],
      "libc": [
        "musl"
      ],
      "optional": true,
      "os": [
        "linux"
      ]
    },
    "node_modules/opencode-linux-x64-musl": {
      "version": "1.18.12",
      "resolved": "https://registry.npmjs.org/opencode-linux-x64-musl/-/opencode-linux-x64-musl-1.18.12.tgz",
      "integrity": "sha512-7vs14d5ipYSP97dxxjplmiSb3RyMB0kDQ+Xu5HJoFslw5oLLr1acMn+N9bDG8LepmidofQ1mKsiGgyqNjxsdTg==",
      "cpu": [
        "x64"
      ],
      "libc": [
        "musl"
      ],
      "optional": true,
      "os": [
        "linux"
      ]
    },
    "node_modules/opencode-windows-arm64": {
      "version": "1.18.12",
      "resolved": "https://registry.npmjs.org/opencode-windows-arm64/-/opencode-windows-arm64-1.18.12.tgz",
      "integrity": "sha512-8R9UTHcAw1F6Ded7ZN3hqUwAenb2/u5HGVVZ3mBFMVVk0FPMBViuaULbOcdMDbGgkpPV4EhnQDMqxYrOxS/CeQ==",
      "cpu": [
        "arm64"
      ],
      "optional": true,
      "os": [
        "win32"
      ]
    },
    "node_modules/opencode-windows-x64": {
      "version": "1.18.12",
      "resolved": "https://registry.npmjs.org/opencode-windows-x64/-/opencode-windows-x64-1.18.12.tgz",
      "integrity": "sha512-LFAlCVDK/bUqyN2QfapSRnceizd+0VU87wNx1eNFbRJ2KftAlnkkhcZqhQEEsndX4eAhiMm8iTzJi5DbSBN85g==",
      "cpu": [
        "x64"
      ],
      "optional": true,
      "os": [
        "win32"
      ]
    },
    "node_modules/opencode-windows-x64-baseline": {
      "version": "1.18.12",
      "resolved": "https://registry.npmjs.org/opencode-windows-x64-baseline/-/opencode-windows-x64-baseline-1.18.12.tgz",
      "integrity": "sha512-yrVVg19Bo8MGzRKnUMonITyT9rIHtyOc5t/ABDGqYKrnoxq1eZCpItW2bpbqTTuqCPY20dQR4rdYIVG1zF097g==",
      "cpu": [
        "x64"
      ],
      "optional": true,
      "os": [
        "win32"
      ]
    }
  }
}
